
Microsoft Visual Studio Solution File, Format Version 12.00
# Visual Studio Version 16
VisualStudioVersion = 16.0.31410.357
MinimumVisualStudioVersion = 10.0.40219.1
Project("{9A19103F-16F7-4668-BE54-9A1E7A4F7556}") = "Martina.Common", "Martina.Common\Martina.Common.csproj", "{B424786F-6EDD-4723-93AC-FE22AB242B72}"
EndProject
Project("{9A19103F-16F7-4668-BE54-9A1E7A4F7556}") = "Martina.API", "Martina.API\Martina.API.csproj", "{E33496BB-7144-43B8-8EAB-5FD577D382DB}"
EndProject
Project("{FAE04EC0-301F-11D3-BF4B-00C04F79EFBC}") = "Mobile.Prims", "Mobile.Prims\Mobile.Prims\Mobile.Prims.csproj", "{4D207595-CD5E-4A8E-9B2B-7F31678B5A79}"
EndProject
Project("{FAE04EC0-301F-11D3-BF4B-00C04F79EFBC}") = "Mobile.Prims.Android", "Mobile.Prims\Mobile.Prims.Android\Mobile.Prims.Android.csproj", "{6F9A97E4-B9F9-46F8-B420-FDDF3A287790}"
EndProject
Project("{FAE04EC0-301F-11D3-BF4B-00C04F79EFBC}") = "Mobile.Prims.iOS", "Mobile.Prims\Mobile.Prims.iOS\Mobile.Prims.iOS.csproj", "{2DDFF3CC-EF76-479D-A8B1-4766A3437951}"
EndProject
Global
	GlobalSection(SolutionConfigurationPlatforms) = preSolution
		Ad-Hoc|Any CPU = Ad-Hoc|Any CPU
		Ad-Hoc|iPhone = Ad-Hoc|iPhone
		Ad-Hoc|iPhoneSimulator = Ad-Hoc|iPhoneSimulator
		AppStore|Any CPU = AppStore|Any CPU
		AppStore|iPhone = AppStore|iPhone
		AppStore|iPhoneSimulator = AppStore|iPhoneSimulator
		Debug|Any CPU = Debug|Any CPU
		Debug|iPhone = Debug|iPhone
		Debug|iPhoneSimulator = Debug|iPhoneSimulator
		Release|Any CPU = Release|Any CPU
		Release|iPhone = Release|iPhone
		Release|iPhoneSimulator = Release|iPhoneSimulator
	EndGlobalSection
	GlobalSection(ProjectConfigurationPlatforms) = postSolution
		{B424786F-6EDD-4723-93AC-FE22AB242B72}.Ad-Hoc|Any CPU.ActiveCfg = Release|Any CPU
		{B424786F-6EDD-4723-93AC-FE22AB242B72}.Ad-Hoc|Any CPU.Build.0 = Release|Any CPU
		{B424786F-6EDD-4723-93AC-FE22AB242B72}.Ad-Hoc|iPhone.ActiveCfg = Release|Any CPU
		{B424786F-6EDD-4723-93AC-FE22AB242B72}.Ad-Hoc|iPhone.Build.0 = Release|Any CPU
		{B424786F-6EDD-4723-93AC-FE22AB242B72}.Ad-Hoc|iPhoneSimulator.ActiveCfg = Release|Any CPU
		{B424786F-6EDD-4723-93AC-FE22AB242B72}.Ad-Hoc|iPhoneSimulator.Build.0 = Release|Any CPU
		{B424786F-6EDD-4723-93AC-FE22AB242B72}.AppStore|Any CPU.ActiveCfg = Release|Any CPU
		{B424786F-6EDD-4723-93AC-FE22AB242B72}.AppStore|Any CPU.Build.0 = Release|Any CPU
		{B424786F-6EDD-4723-93AC-FE22AB242B72}.AppStore|iPhone.ActiveCfg = Release|Any CPU
		{B424786F-6EDD-4723-93AC-FE22AB242B72}.AppStore|iPhone.Build.0 = Release|Any CPU
		{B424786F-6EDD-4723-93AC-FE22AB242B72}.AppStore|iPhoneSimulator.ActiveCfg = Release|Any CPU
		{B424786F-6EDD-4723-93AC-FE22AB242B72}.AppStore|iPhoneSimulator.Build.0 = Release|Any CPU
		{B424786F-6EDD-4723-93AC-FE22AB242B72}.Debug|Any CPU.ActiveCfg = Debug|Any CPU
		{B424786F-6EDD-4723-93AC-FE22AB242B72}.Debug|Any CPU.Build.0 = Debug|Any CPU
		{B424786F-6EDD-4723-93AC-FE22AB242B72}.Debug|iPhone.ActiveCfg = Debug|Any CPU
		{B424786F-6EDD-4723-93AC-FE22AB242B72}.Debug|iPhone.Build.0 = Debug|Any CPU
		{B424786F-6EDD-4723-93AC-FE22AB242B72}.Debug|iPhoneSimulator.ActiveCfg = Debug|Any CPU
		{B424786F-6EDD-4723-93AC-FE22AB242B72}.Debug|iPhoneSimulator.Build.0 = Debug|Any CPU
		{B424786F-6EDD-4723-93AC-FE22AB242B72}.Release|Any CPU.ActiveCfg = Release|Any CPU
		{B424786F-6EDD-4723-93AC-FE22AB242B72}.Release|Any CPU.Build.0 = Release|Any CPU
		{B424786F-6EDD-4723-93AC-FE22AB242B72}.Release|iPhone.ActiveCfg = Release|Any CPU
		{B424786F-6EDD-4723-93AC-FE22AB242B72}.Release|iPhone.Build.0 = Release|Any CPU
		{B424786F-6EDD-4723-93AC-FE22AB242B72}.Release|iPhoneSimulator.ActiveCfg = Release|Any CPU
		{B424786F-6EDD-4723-93AC-FE22AB242B72}.Release|iPhoneSimulator.Build.0 = Release|Any CPU
		{E33496BB-7144-43B8-8EAB-5FD577D382DB}.Ad-Hoc|Any CPU.ActiveCfg = Release|Any CPU
		{E33496BB-7144-43B8-8EAB-5FD577D382DB}.Ad-Hoc|Any CPU.Build.0 = Release|Any CPU
		{E33496BB-7144-43B8-8EAB-5FD577D382DB}.Ad-Hoc|iPhone.ActiveCfg = Release|Any CPU
		{E33496BB-7144-43B8-8EAB-5FD577D382DB}.Ad-Hoc|iPhone.Build.0 = Release|Any CPU
		{E33496BB-7144-43B8-8EAB-5FD577D382DB}.Ad-Hoc|iPhoneSimulator.ActiveCfg = Release|Any CPU
		{E33496BB-7144-43B8-8EAB-5FD577D382DB}.Ad-Hoc|iPhoneSimulator.Build.0 = Release|Any CPU
		{E33496BB-7144-43B8-8EAB-5FD577D382DB}.AppStore|Any CPU.ActiveCfg = Release|Any CPU
		{E33496BB-7144-43B8-8EAB-5FD577D382DB}.AppStore|Any CPU.Build.0 = Release|Any CPU
		{E33496BB-7144-43B8-8EAB-5FD577D382DB}.AppStore|iPhone.ActiveCfg = Release|Any CPU
		{E33496BB-7144-43B8-8EAB-5FD577D382DB}.AppStore|iPhone.Build.0 = Release|Any CPU
		{E33496BB-7144-43B8-8EAB-5FD577D382DB}.AppStore|iPhoneSimulator.ActiveCfg = Release|Any CPU
		{E33496BB-7144-43B8-8EAB-5FD577D382DB}.AppStore|iPhoneSimulator.Build.0 = Release|Any CPU
		{E33496BB-7144-43B8-8EAB-5FD577D382DB}.Debug|Any CPU.ActiveCfg = Debug|Any CPU
		{E33496BB-7144-43B8-8EAB-5FD577D382DB}.Debug|Any CPU.Build.0 = Debug|Any CPU
		{E33496BB-7144-43B8-8EAB-5FD577D382DB}.Debug|iPhone.ActiveCfg = Debug|Any CPU
		{E33496BB-7144-43B8-8EAB-5FD577D382DB}.Debug|iPhone.Build.0 = Debug|Any CPU
		{E33496BB-7144-43B8-8EAB-5FD577D382DB}.Debug|iPhoneSimulator.ActiveCfg = Debug|Any CPU
		{E33496BB-7144-43B8-8EAB-5FD577D382DB}.Debug|iPhoneSimulator.Build.0 = Debug|Any CPU
		{E33496BB-7144-43B8-8EAB-5FD577D382DB}.Release|Any CPU.ActiveCfg = Release|Any CPU
		{E33496BB-7144-43B8-8EAB-5FD577D382DB}.Release|Any CPU.Build.0 = Release|Any CPU
		{E33496BB-7144-43B8-8EAB-5FD577D382DB}.Release|iPhone.ActiveCfg = Release|Any CPU
		{E33496BB-7144-43B8-8EAB-5FD577D382DB}.Release|iPhone.Build.0 = Release|Any CPU
		{E33496BB-7144-43B8-8EAB-5FD577D382DB}.Release|iPhoneSimulator.ActiveCfg = Release|Any CPU
		{E33496BB-7144-43B8-8EAB-5FD577D382DB}.Release|iPhoneSimulator.Build.0 = Release|Any CPU
		{4D207595-CD5E-4A8E-9B2B-7F31678B5A79}.Ad-Hoc|Any CPU.ActiveCfg = Debug|Any CPU
		{4D207595-CD5E-4A8E-9B2B-7F31678B5A79}.Ad-Hoc|Any CPU.Build.0 = Debug|Any CPU
		{4D207595-CD5E-4A8E-9B2B-7F31678B5A79}.Ad-Hoc|iPhone.ActiveCfg = Debug|Any CPU
		{4D207595-CD5E-4A8E-9B2B-7F31678B5A79}.Ad-Hoc|iPhone.Build.0 = Debug|Any CPU
		{4D207595-CD5E-4A8E-9B2B-7F31678B5A79}.Ad-Hoc|iPhoneSimulator.ActiveCfg = Debug|Any CPU
		{4D207595-CD5E-4A8E-9B2B-7F31678B5A79}.Ad-Hoc|iPhoneSimulator.Build.0 = Debug|Any CPU
		{4D207595-CD5E-4A8E-9B2B-7F31678B5A79}.AppStore|Any CPU.ActiveCfg = Debug|Any CPU
		{4D207595-CD5E-4A8E-9B2B-7F31678B5A79}.AppStore|Any CPU.Build.0 = Debug|Any CPU
		{4D207595-CD5E-4A8E-9B2B-7F31678B5A79}.AppStore|iPhone.ActiveCfg = Debug|Any CPU
		{4D207595-CD5E-4A8E-9B2B-7F31678B5A79}.AppStore|iPhone.Build.0 = Debug|Any CPU
		{4D207595-CD5E-4A8E-9B2B-7F31678B5A79}.AppStore|iPhoneSimulator.ActiveCfg = Debug|Any CPU
		{4D207595-CD5E-4A8E-9B2B-7F31678B5A79}.AppStore|iPhoneSimulator.Build.0 = Debug|Any CPU
		{4D207595-CD5E-4A8E-9B2B-7F31678B5A79}.Debug|Any CPU.ActiveCfg = Debug|Any CPU
		{4D207595-CD5E-4A8E-9B2B-7F31678B5A79}.Debug|Any CPU.Build.0 = Debug|Any CPU
		{4D207595-CD5E-4A8E-9B2B-7F31678B5A79}.Debug|iPhone.ActiveCfg = Debug|Any CPU
		{4D207595-CD5E-4A8E-9B2B-7F31678B5A79}.Debug|iPhone.Build.0 = Debug|Any CPU
		{4D207595-CD5E-4A8E-9B2B-7F31678B5A79}.Debug|iPhoneSimulator.ActiveCfg = Debug|Any CPU
		{4D207595-CD5E-4A8E-9B2B-7F31678B5A79}.Debug|iPhoneSimulator.Build.0 = Debug|Any CPU
		{4D207595-CD5E-4A8E-9B2B-7F31678B5A79}.Release|Any CPU.ActiveCfg = Release|Any CPU
		{4D207595-CD5E-4A8E-9B2B-7F31678B5A79}.Release|Any CPU.Build.0 = Release|Any CPU
		{4D207595-CD5E-4A8E-9B2B-7F31678B5A79}.Release|iPhone.ActiveCfg = Release|Any CPU
		{4D207595-CD5E-4A8E-9B2B-7F31678B5A79}.Release|iPhone.Build.0 = Release|Any CPU
		{4D207595-CD5E-4A8E-9B2B-7F31678B5A79}.Release|iPhoneSimulator.ActiveCfg = Release|Any CPU
		{4D207595-CD5E-4A8E-9B2B-7F31678B5A79}.Release|iPhoneSimulator.Build.0 = Release|Any CPU
		{6F9A97E4-B9F9-46F8-B420-FDDF3A287790}.Ad-Hoc|Any CPU.ActiveCfg = Debug|Any CPU
		{6F9A97E4-B9F9-46F8-B420-FDDF3A287790}.Ad-Hoc|Any CPU.Build.0 = Debug|Any CPU
		{6F9A97E4-B9F9-46F8-B420-FDDF3A287790}.Ad-Hoc|Any CPU.Deploy.0 = Debug|Any CPU
		{6F9A97E4-B9F9-46F8-B420-FDDF3A287790}.Ad-Hoc|iPhone.ActiveCfg = Debug|Any CPU
		{6F9A97E4-B9F9-46F8-B420-FDDF3A287790}.Ad-Hoc|iPhone.Build.0 = Debug|Any CPU
		{6F9A97E4-B9F9-46F8-B420-FDDF3A287790}.Ad-Hoc|iPhone.Deploy.0 = Debug|Any CPU
		{6F9A97E4-B9F9-46F8-B420-FDDF3A287790}.Ad-Hoc|iPhoneSimulator.ActiveCfg = Debug|Any CPU
		{6F9A97E4-B9F9-46F8-B420-FDDF3A287790}.Ad-Hoc|iPhoneSimulator.Build.0 = Debug|Any CPU
		{6F9A97E4-B9F9-46F8-B420-FDDF3A287790}.Ad-Hoc|iPhoneSimulator.Deploy.0 = Debug|Any CPU
		{6F9A97E4-B9F9-46F8-B420-FDDF3A287790}.AppStore|Any CPU.ActiveCfg = Debug|Any CPU
		{6F9A97E4-B9F9-46F8-B420-FDDF3A287790}.AppStore|Any CPU.Build.0 = Debug|Any CPU
		{6F9A97E4-B9F9-46F8-B420-FDDF3A287790}.AppStore|Any CPU.Deploy.0 = Debug|Any CPU
		{6F9A97E4-B9F9-46F8-B420-FDDF3A287790}.AppStore|iPhone.ActiveCfg = Debug|Any CPU
		{6F9A97E4-B9F9-46F8-B420-FDDF3A287790}.AppStore|iPhone.Build.0 = Debug|Any CPU
		{6F9A97E4-B9F9-46F8-B420-FDDF3A287790}.AppStore|iPhone.Deploy.0 = Debug|Any CPU
		{6F9A97E4-B9F9-46F8-B420-FDDF3A287790}.AppStore|iPhoneSimulator.ActiveCfg = Debug|Any CPU
		{6F9A97E4-B9F9-46F8-B420-FDDF3A287790}.AppStore|iPhoneSimulator.Build.0 = Debug|Any CPU
		{6F9A97E4-B9F9-46F8-B420-FDDF3A287790}.AppStore|iPhoneSimulator.Deploy.0 = Debug|Any CPU
		{6F9A97E4-B9F9-46F8-B420-FDDF3A287790}.Debug|Any CPU.ActiveCfg = Debug|Any CPU
		{6F9A97E4-B9F9-46F8-B420-FDDF3A287790}.Debug|Any CPU.Build.0 = Debug|Any CPU
		{6F9A97E4-B9F9-46F8-B420-FDDF3A287790}.Debug|Any CPU.Deploy.0 = Debug|Any CPU
		{6F9A97E4-B9F9-46F8-B420-FDDF3A287790}.Debug|iPhone.ActiveCfg = Debug|Any CPU
		{6F9A97E4-B9F9-46F8-B420-FDDF3A287790}.Debug|iPhone.Build.0 = Debug|Any CPU
		{6F9A97E4-B9F9-46F8-B420-FDDF3A287790}.Debug|iPhone.Deploy.0 = Debug|Any CPU
		{6F9A97E4-B9F9-46F8-B420-FDDF3A287790}.Debug|iPhoneSimulator.ActiveCfg = Debug|Any CPU
		{6F9A97E4-B9F9-46F8-B420-FDDF3A287790}.Debug|iPhoneSimulator.Build.0 = Debug|Any CPU
		{6F9A97E4-B9F9-46F8-B420-FDDF3A287790}.Debug|iPhoneSimulator.Deploy.0 = Debug|Any CPU
		{6F9A97E4-B9F9-46F8-B420-FDDF3A287790}.Release|Any CPU.ActiveCfg = Release|Any CPU
		{6F9A97E4-B9F9-46F8-B420-FDDF3A287790}.Release|Any CPU.Build.0 = Release|Any CPU
		{6F9A97E4-B9F9-46F8-B420-FDDF3A287790}.Release|Any CPU.Deploy.0 = Release|Any CPU
		{6F9A97E4-B9F9-46F8-B420-FDDF3A287790}.Release|iPhone.ActiveCfg = Release|Any CPU
		{6F9A97E4-B9F9-46F8-B420-FDDF3A287790}.Release|iPhone.Build.0 = Release|Any CPU
		{6F9A97E4-B9F9-46F8-B420-FDDF3A287790}.Release|iPhone.Deploy.0 = Release|Any CPU
		{6F9A97E4-B9F9-46F8-B420-FDDF3A287790}.Release|iPhoneSimulator.ActiveCfg = Release|Any CPU
		{6F9A97E4-B9F9-46F8-B420-FDDF3A287790}.Release|iPhoneSimulator.Build.0 = Release|Any CPU
		{6F9A97E4-B9F9-46F8-B420-FDDF3A287790}.Release|iPhoneSimulator.Deploy.0 = Release|Any CPU
		{2DDFF3CC-EF76-479D-A8B1-4766A3437951}.Ad-Hoc|Any CPU.ActiveCfg = Ad-Hoc|iPhoneSimulator
		{2DDFF3CC-EF76-479D-A8B1-4766A3437951}.Ad-Hoc|iPhone.ActiveCfg = Ad-Hoc|iPhone
		{2DDFF3CC-EF76-479D-A8B1-4766A3437951}.Ad-Hoc|iPhone.Build.0 = Ad-Hoc|iPhone
		{2DDFF3CC-EF76-479D-A8B1-4766A3437951}.Ad-Hoc|iPhoneSimulator.ActiveCfg = Ad-Hoc|iPhoneSimulator
		{2DDFF3CC-EF76-479D-A8B1-4766A3437951}.Ad-Hoc|iPhoneSimulator.Build.0 = Ad-Hoc|iPhoneSimulator
		{2DDFF3CC-EF76-479D-A8B1-4766A3437951}.AppStore|Any CPU.ActiveCfg = AppStore|iPhoneSimulator
		{2DDFF3CC-EF76-479D-A8B1-4766A3437951}.AppStore|iPhone.ActiveCfg = AppStore|iPhone
		{2DDFF3CC-EF76-479D-A8B1-4766A3437951}.AppStore|iPhone.Build.0 = AppStore|iPhone
		{2DDFF3CC-EF76-479D-A8B1-4766A3437951}.AppStore|iPhoneSimulator.ActiveCfg = AppStore|iPhoneSimulator
		{2DDFF3CC-EF76-479D-A8B1-4766A3437951}.AppStore|iPhoneSimulator.Build.0 = AppStore|iPhoneSimulator
		{2DDFF3CC-EF76-479D-A8B1-4766A3437951}.Debug|Any CPU.ActiveCfg = Debug|iPhoneSimulator
		{2DDFF3CC-EF76-479D-A8B1-4766A3437951}.Debug|iPhone.ActiveCfg = Debug|iPhone
		{2DDFF3CC-EF76-479D-A8B1-4766A3437951}.Debug|iPhone.Build.0 = Debug|iPhone
		{2DDFF3CC-EF76-479D-A8B1-4766A3437951}.Debug|iPhoneSimulator.ActiveCfg = Debug|iPhoneSimulator
		{2DDFF3CC-EF76-479D-A8B1-4766A3437951}.Debug|iPhoneSimulator.Build.0 = Debug|iPhoneSimulator
		{2DDFF3CC-EF76-479D-A8B1-4766A3437951}.Release|Any CPU.ActiveCfg = Release|iPhoneSimulator
		{2DDFF3CC-EF76-479D-A8B1-4766A3437951}.Release|iPhone.ActiveCfg = Release|iPhone
		{2DDFF3CC-EF76-479D-A8B1-4766A3437951}.Release|iPhone.Build.0 = Release|iPhone
		{2DDFF3CC-EF76-479D-A8B1-4766A3437951}.Release|iPhoneSimulator.ActiveCfg = Release|iPhoneSimulator
		{2DDFF3CC-EF76-479D-A8B1-4766A3437951}.Release|iPhoneSimulator.Build.0 = Release|iPhoneSimulator
	EndGlobalSection
	GlobalSection(SolutionProperties) = preSolution
		HideSolutionNode = FALSE
	EndGlobalSection
	GlobalSection(ExtensibilityGlobals) = postSolution
		SolutionGuid = {AAA69349-6A9E-4123-8384-FAAE57CEF0E9}
	EndGlobalSection
EndGlobal
